
Microsoft Visual Studio Solution File, Format Version 12.00
# Visual Studio Version 17
VisualStudioVersion = 17.8.34322.80
MinimumVisualStudioVersion = 10.0.40219.1
Project("{9A19103F-16F7-4668-BE54-9A1E7A4F7556}") = "Trebuchet", "Day1\Trebuchet\Trebuchet.csproj", "{B218533D-4C1A-4006-BE93-FD64E313BECB}"
EndProject
Project("{2150E333-8FDC-42A3-9474-1A3956D46DE8}") = "Day1", "Day1", "{97AE0739-BEDF-4EC8-9147-711C74A1A86D}"
	ProjectSection(SolutionItems) = preProject
		Day1\Input-Day1.txt = Day1\Input-Day1.txt
	EndProjectSection
EndProject
Project("{9A19103F-16F7-4668-BE54-9A1E7A4F7556}") = "Trebuchet.Tests", "Day1\Trebuchet.Tests\Trebuchet.Tests.csproj", "{47098869-FB90-4420-90C0-1C6F437C3238}"
EndProject
Project("{2150E333-8FDC-42A3-9474-1A3956D46DE8}") = "Solution-files", "Solution-files", "{2F8192B9-8CEB-4ED5-B5A4-258689A792BD}"
	ProjectSection(SolutionItems) = preProject
		..\.gitignore = ..\.gitignore
	EndProjectSection
EndProject
Global
	GlobalSection(SolutionConfigurationPlatforms) = preSolution
		Debug|Any CPU = Debug|Any CPU
		Release|Any CPU = Release|Any CPU
	EndGlobalSection
	GlobalSection(ProjectConfigurationPlatforms) = postSolution
		{B218533D-4C1A-4006-BE93-FD64E313BECB}.Debug|Any CPU.ActiveCfg = Debug|Any CPU
		{B218533D-4C1A-4006-BE93-FD64E313BECB}.Debug|Any CPU.Build.0 = Debug|Any CPU
		{B218533D-4C1A-4006-BE93-FD64E313BECB}.Release|Any CPU.ActiveCfg = Release|Any CPU
		{B218533D-4C1A-4006-BE93-FD64E313BECB}.Release|Any CPU.Build.0 = Release|Any CPU
		{47098869-FB90-4420-90C0-1C6F437C3238}.Debug|Any CPU.ActiveCfg = Debug|Any CPU
		{47098869-FB90-4420-90C0-1C6F437C3238}.Debug|Any CPU.Build.0 = Debug|Any CPU
		{47098869-FB90-4420-90C0-1C6F437C3238}.Release|Any CPU.ActiveCfg = Release|Any CPU
		{47098869-FB90-4420-90C0-1C6F437C3238}.Release|Any CPU.Build.0 = Release|Any CPU
	EndGlobalSection
	GlobalSection(SolutionProperties) = preSolution
		HideSolutionNode = FALSE
	EndGlobalSection
	GlobalSection(NestedProjects) = preSolution
		{B218533D-4C1A-4006-BE93-FD64E313BECB} = {97AE0739-BEDF-4EC8-9147-711C74A1A86D}
		{47098869-FB90-4420-90C0-1C6F437C3238} = {97AE0739-BEDF-4EC8-9147-711C74A1A86D}
	EndGlobalSection
	GlobalSection(ExtensibilityGlobals) = postSolution
		SolutionGuid = {F9E56EA3-B013-4C3A-816B-DCD0FE19D6B3}
	EndGlobalSection
EndGlobal
