
Microsoft Visual Studio Solution File, Format Version 12.00
# Visual Studio Version 17
VisualStudioVersion = 17.8.34322.80
MinimumVisualStudioVersion = 10.0.40219.1
Project("{9A19103F-16F7-4668-BE54-9A1E7A4F7556}") = "Trebuchet", "Day1\Trebuchet\Trebuchet.csproj", "{B218533D-4C1A-4006-BE93-FD64E313BECB}"
EndProject
Project("{2150E333-8FDC-42A3-9474-1A3956D46DE8}") = "Day1", "Day1", "{97AE0739-BEDF-4EC8-9147-711C74A1A86D}"
	ProjectSection(SolutionItems) = preProject
		Day1\Input-Day1.txt = Day1\Input-Day1.txt
	EndProjectSection
EndProject
Project("{9A19103F-16F7-4668-BE54-9A1E7A4F7556}") = "Trebuchet.Tests", "Day1\Trebuchet.Tests\Trebuchet.Tests.csproj", "{47098869-FB90-4420-90C0-1C6F437C3238}"
EndProject
Project("{2150E333-8FDC-42A3-9474-1A3956D46DE8}") = "Solution-files", "Solution-files", "{2F8192B9-8CEB-4ED5-B5A4-258689A792BD}"
	ProjectSection(SolutionItems) = preProject
		..\.gitignore = ..\.gitignore
	EndProjectSection
EndProject
Project("{2150E333-8FDC-42A3-9474-1A3956D46DE8}") = "Day2", "Day2", "{6D473DCE-6153-4480-A976-DAF41DFA83B6}"
	ProjectSection(SolutionItems) = preProject
		Day2\Input-Day2.txt = Day2\Input-Day2.txt
	EndProjectSection
EndProject
Project("{9A19103F-16F7-4668-BE54-9A1E7A4F7556}") = "CubeConundrum", "Day2\CubeConundrum\CubeConundrum.csproj", "{F42484A9-5BC4-4963-91CC-B8034347CA3B}"
EndProject
Project("{9A19103F-16F7-4668-BE54-9A1E7A4F7556}") = "CubeConundrum.Tests", "Day2\CubeConundrum.Tests\CubeConundrum.Tests.csproj", "{B3A033B7-B0B9-4138-B18B-ABEA622E5E10}"
EndProject
Project("{2150E333-8FDC-42A3-9474-1A3956D46DE8}") = "Day3", "Day3", "{BE4AFD6A-E0AC-4282-9DD5-08C3FC016ED3}"
	ProjectSection(SolutionItems) = preProject
		Day3\Input-Day3.txt = Day3\Input-Day3.txt
	EndProjectSection
EndProject
Project("{9A19103F-16F7-4668-BE54-9A1E7A4F7556}") = "GearRatios", "Day3\GearRatios\GearRatios.csproj", "{67041B01-5212-40EE-855D-9C8DE8900799}"
EndProject
Project("{9A19103F-16F7-4668-BE54-9A1E7A4F7556}") = "GearRatios.Tests", "Day3\GearRatios.Tests\GearRatios.Tests.csproj", "{96A89E09-ED75-40D9-AF99-634D1693914E}"
EndProject
Project("{2150E333-8FDC-42A3-9474-1A3956D46DE8}") = "Day4", "Day4", "{0E99BAAB-F112-4743-B1E6-E5EF3C149FCD}"
	ProjectSection(SolutionItems) = preProject
		Day4\Input-Day4.txt = Day4\Input-Day4.txt
	EndProjectSection
EndProject
Project("{9A19103F-16F7-4668-BE54-9A1E7A4F7556}") = "Scratchcards", "Day4\Scratchcards\Scratchcards.csproj", "{A4BB39A4-2B96-492A-AF53-73EBD9B920C8}"
EndProject
Project("{9A19103F-16F7-4668-BE54-9A1E7A4F7556}") = "Scratchcards.Tests", "Day4\Scratchcards.Tests\Scratchcards.Tests.csproj", "{587A198A-F111-450E-8640-C0D742269378}"
EndProject
Project("{2150E333-8FDC-42A3-9474-1A3956D46DE8}") = "Day5", "Day5", "{C35AB7AF-D97C-46A8-9128-CA30085ED18D}"
	ProjectSection(SolutionItems) = preProject
		Day5\Input-Day5.txt = Day5\Input-Day5.txt
	EndProjectSection
EndProject
Project("{9A19103F-16F7-4668-BE54-9A1E7A4F7556}") = "AlmanacReader", "Day5\AlmanacReader\AlmanacReader.csproj", "{684DE5F5-E0E2-4261-85C8-3C07C58DFCB4}"
EndProject
Project("{9A19103F-16F7-4668-BE54-9A1E7A4F7556}") = "AlmanacReader.Tests", "Day5\AlmanacReader.Tests\AlmanacReader.Tests.csproj", "{A1D962D1-6144-4B4D-A4D9-A1C914838555}"
EndProject
Project("{2150E333-8FDC-42A3-9474-1A3956D46DE8}") = "Day6", "Day6", "{4E72F67F-4A94-42C6-AA42-403943818251}"
	ProjectSection(SolutionItems) = preProject
		Day6\Input-Day6.txt = Day6\Input-Day6.txt
	EndProjectSection
EndProject
Project("{9A19103F-16F7-4668-BE54-9A1E7A4F7556}") = "Boatrace", "Day6\Boatrace\Boatrace.csproj", "{ACB8591B-19BF-42F2-A240-04E7DADB4E63}"
EndProject
Project("{9A19103F-16F7-4668-BE54-9A1E7A4F7556}") = "Boatrace.Tests", "Day6\Boatrace.Tests\Boatrace.Tests.csproj", "{AE8EC3D4-5BAD-4EBA-AA9D-9A68BC7D6FC8}"
EndProject
Project("{2150E333-8FDC-42A3-9474-1A3956D46DE8}") = "Day7", "Day7", "{E9A60B8B-24F4-4F23-B8C4-6AEFAD864D7D}"
	ProjectSection(SolutionItems) = preProject
		Day7\Input-Day7.txt = Day7\Input-Day7.txt
	EndProjectSection
EndProject
Project("{FAE04EC0-301F-11D3-BF4B-00C04F79EFBC}") = "CamelCards", "Day7\CamelCards\CamelCards.csproj", "{F38252B7-4354-4EA2-807A-E8C2B891B855}"
EndProject
Project("{FAE04EC0-301F-11D3-BF4B-00C04F79EFBC}") = "CamelCards.Tests", "Day7\CamelCards.Tests\CamelCards.Tests.csproj", "{96C1AA2C-9B23-4227-BEFA-C43BD73CF219}"
EndProject
Project("{2150E333-8FDC-42A3-9474-1A3956D46DE8}") = "Day8", "Day8", "{D05722E8-22B2-4CCA-BA28-AB4904FABF69}"
	ProjectSection(SolutionItems) = preProject
		Day8\Input-Day8.txt = Day8\Input-Day8.txt
	EndProjectSection
EndProject
Project("{FAE04EC0-301F-11D3-BF4B-00C04F79EFBC}") = "HauntedWasteland.Tests", "Day8\HauntedWasteland.Tests\HauntedWasteland.Tests.csproj", "{192B543B-9343-442D-AEB6-1F8ED1C78035}"
EndProject
Project("{FAE04EC0-301F-11D3-BF4B-00C04F79EFBC}") = "HauntedWasteland", "Day8\HauntedWasteland\HauntedWasteland.csproj", "{FC398BDE-B1D5-4A70-AA2D-7FCFF22CA72C}"
EndProject
Project("{2150E333-8FDC-42A3-9474-1A3956D46DE8}") = "Day9", "Day9", "{2C9DA1B4-F0CC-4B5F-B3F9-88AF4020A772}"
	ProjectSection(SolutionItems) = preProject
		Day9\Input-Day9.txt = Day9\Input-Day9.txt
	EndProjectSection
EndProject
Project("{FAE04EC0-301F-11D3-BF4B-00C04F79EFBC}") = "MirageMaintenance", "Day9\MirageMaintenance\MirageMaintenance.csproj", "{169F77F4-8055-43D2-898C-3CF715C9BD80}"
EndProject
Project("{FAE04EC0-301F-11D3-BF4B-00C04F79EFBC}") = "MirageMaintenance.Tests", "Day9\MirageMaintenance.Tests\MirageMaintenance.Tests.csproj", "{533906D6-D464-485F-A3A9-4F40253F4180}"
EndProject
Project("{2150E333-8FDC-42A3-9474-1A3956D46DE8}") = "Day10", "Day10", "{BD0307B8-AA19-47DF-8A3A-F0BC29858F5E}"
	ProjectSection(SolutionItems) = preProject
		Day10\Input-Day10.txt = Day10\Input-Day10.txt
	EndProjectSection
EndProject
Project("{FAE04EC0-301F-11D3-BF4B-00C04F79EFBC}") = "PipeMaze.Tests", "Day10\PipeMaze.Tests\PipeMaze.Tests.csproj", "{FA8A52F8-6CA0-4125-A93D-86C1D0785C4F}"
EndProject
Project("{FAE04EC0-301F-11D3-BF4B-00C04F79EFBC}") = "PipeMaze", "Day10\PipeMaze\PipeMaze.csproj", "{E5412087-2E34-4F51-BD59-7BD489B0F1F3}"
EndProject
Project("{2150E333-8FDC-42A3-9474-1A3956D46DE8}") = "Day11", "Day11", "{679AA8D1-B9C4-4EDC-83F5-14045B85F5F7}"
EndProject
Project("{FAE04EC0-301F-11D3-BF4B-00C04F79EFBC}") = "CosmicExpansion", "Day11\CosmicExpansion\CosmicExpansion.csproj", "{9830653B-8F64-4047-B6E7-37CA76A9D63E}"
EndProject
Project("{FAE04EC0-301F-11D3-BF4B-00C04F79EFBC}") = "CosmicExpansion.Tests", "Day11\CosmicExpansion.Tests\CosmicExpansion.Tests.csproj", "{E02C87EE-3A9A-4C60-B60A-D06149D212E1}"
EndProject
Project("{2150E333-8FDC-42A3-9474-1A3956D46DE8}") = "Day12", "Day12", "{A64AD1D1-8897-4C30-8620-070E465B4EED}"
	ProjectSection(SolutionItems) = preProject
		Day12\Input-Day12.txt = Day12\Input-Day12.txt
	EndProjectSection
EndProject
Project("{FAE04EC0-301F-11D3-BF4B-00C04F79EFBC}") = "HotSprings.Tests", "Day12\HotSprings.Tests\HotSprings.Tests.csproj", "{58D51A00-FB06-4A4F-8ACC-833AD3CB1360}"
EndProject
Project("{FAE04EC0-301F-11D3-BF4B-00C04F79EFBC}") = "HotSprings", "Day12\HotSprings\HotSprings.csproj", "{A444BF2F-D6F5-4EB7-B3E1-A65163FF387C}"
EndProject
Global
	GlobalSection(SolutionConfigurationPlatforms) = preSolution
		Debug|Any CPU = Debug|Any CPU
		Release|Any CPU = Release|Any CPU
	EndGlobalSection
	GlobalSection(ProjectConfigurationPlatforms) = postSolution
		{B218533D-4C1A-4006-BE93-FD64E313BECB}.Debug|Any CPU.ActiveCfg = Debug|Any CPU
		{B218533D-4C1A-4006-BE93-FD64E313BECB}.Debug|Any CPU.Build.0 = Debug|Any CPU
		{B218533D-4C1A-4006-BE93-FD64E313BECB}.Release|Any CPU.ActiveCfg = Release|Any CPU
		{B218533D-4C1A-4006-BE93-FD64E313BECB}.Release|Any CPU.Build.0 = Release|Any CPU
		{47098869-FB90-4420-90C0-1C6F437C3238}.Debug|Any CPU.ActiveCfg = Debug|Any CPU
		{47098869-FB90-4420-90C0-1C6F437C3238}.Debug|Any CPU.Build.0 = Debug|Any CPU
		{47098869-FB90-4420-90C0-1C6F437C3238}.Release|Any CPU.ActiveCfg = Release|Any CPU
		{47098869-FB90-4420-90C0-1C6F437C3238}.Release|Any CPU.Build.0 = Release|Any CPU
		{F42484A9-5BC4-4963-91CC-B8034347CA3B}.Debug|Any CPU.ActiveCfg = Debug|Any CPU
		{F42484A9-5BC4-4963-91CC-B8034347CA3B}.Debug|Any CPU.Build.0 = Debug|Any CPU
		{F42484A9-5BC4-4963-91CC-B8034347CA3B}.Release|Any CPU.ActiveCfg = Release|Any CPU
		{F42484A9-5BC4-4963-91CC-B8034347CA3B}.Release|Any CPU.Build.0 = Release|Any CPU
		{B3A033B7-B0B9-4138-B18B-ABEA622E5E10}.Debug|Any CPU.ActiveCfg = Debug|Any CPU
		{B3A033B7-B0B9-4138-B18B-ABEA622E5E10}.Debug|Any CPU.Build.0 = Debug|Any CPU
		{B3A033B7-B0B9-4138-B18B-ABEA622E5E10}.Release|Any CPU.ActiveCfg = Release|Any CPU
		{B3A033B7-B0B9-4138-B18B-ABEA622E5E10}.Release|Any CPU.Build.0 = Release|Any CPU
		{67041B01-5212-40EE-855D-9C8DE8900799}.Debug|Any CPU.ActiveCfg = Debug|Any CPU
		{67041B01-5212-40EE-855D-9C8DE8900799}.Debug|Any CPU.Build.0 = Debug|Any CPU
		{67041B01-5212-40EE-855D-9C8DE8900799}.Release|Any CPU.ActiveCfg = Release|Any CPU
		{67041B01-5212-40EE-855D-9C8DE8900799}.Release|Any CPU.Build.0 = Release|Any CPU
		{96A89E09-ED75-40D9-AF99-634D1693914E}.Debug|Any CPU.ActiveCfg = Debug|Any CPU
		{96A89E09-ED75-40D9-AF99-634D1693914E}.Debug|Any CPU.Build.0 = Debug|Any CPU
		{96A89E09-ED75-40D9-AF99-634D1693914E}.Release|Any CPU.ActiveCfg = Release|Any CPU
		{96A89E09-ED75-40D9-AF99-634D1693914E}.Release|Any CPU.Build.0 = Release|Any CPU
		{A4BB39A4-2B96-492A-AF53-73EBD9B920C8}.Debug|Any CPU.ActiveCfg = Debug|Any CPU
		{A4BB39A4-2B96-492A-AF53-73EBD9B920C8}.Debug|Any CPU.Build.0 = Debug|Any CPU
		{A4BB39A4-2B96-492A-AF53-73EBD9B920C8}.Release|Any CPU.ActiveCfg = Release|Any CPU
		{A4BB39A4-2B96-492A-AF53-73EBD9B920C8}.Release|Any CPU.Build.0 = Release|Any CPU
		{587A198A-F111-450E-8640-C0D742269378}.Debug|Any CPU.ActiveCfg = Debug|Any CPU
		{587A198A-F111-450E-8640-C0D742269378}.Debug|Any CPU.Build.0 = Debug|Any CPU
		{587A198A-F111-450E-8640-C0D742269378}.Release|Any CPU.ActiveCfg = Release|Any CPU
		{587A198A-F111-450E-8640-C0D742269378}.Release|Any CPU.Build.0 = Release|Any CPU
		{684DE5F5-E0E2-4261-85C8-3C07C58DFCB4}.Debug|Any CPU.ActiveCfg = Debug|Any CPU
		{684DE5F5-E0E2-4261-85C8-3C07C58DFCB4}.Debug|Any CPU.Build.0 = Debug|Any CPU
		{684DE5F5-E0E2-4261-85C8-3C07C58DFCB4}.Release|Any CPU.ActiveCfg = Release|Any CPU
		{684DE5F5-E0E2-4261-85C8-3C07C58DFCB4}.Release|Any CPU.Build.0 = Release|Any CPU
		{A1D962D1-6144-4B4D-A4D9-A1C914838555}.Debug|Any CPU.ActiveCfg = Debug|Any CPU
		{A1D962D1-6144-4B4D-A4D9-A1C914838555}.Debug|Any CPU.Build.0 = Debug|Any CPU
		{A1D962D1-6144-4B4D-A4D9-A1C914838555}.Release|Any CPU.ActiveCfg = Release|Any CPU
		{A1D962D1-6144-4B4D-A4D9-A1C914838555}.Release|Any CPU.Build.0 = Release|Any CPU
		{ACB8591B-19BF-42F2-A240-04E7DADB4E63}.Debug|Any CPU.ActiveCfg = Debug|Any CPU
		{ACB8591B-19BF-42F2-A240-04E7DADB4E63}.Debug|Any CPU.Build.0 = Debug|Any CPU
		{ACB8591B-19BF-42F2-A240-04E7DADB4E63}.Release|Any CPU.ActiveCfg = Release|Any CPU
		{ACB8591B-19BF-42F2-A240-04E7DADB4E63}.Release|Any CPU.Build.0 = Release|Any CPU
		{AE8EC3D4-5BAD-4EBA-AA9D-9A68BC7D6FC8}.Debug|Any CPU.ActiveCfg = Debug|Any CPU
		{AE8EC3D4-5BAD-4EBA-AA9D-9A68BC7D6FC8}.Debug|Any CPU.Build.0 = Debug|Any CPU
		{AE8EC3D4-5BAD-4EBA-AA9D-9A68BC7D6FC8}.Release|Any CPU.ActiveCfg = Release|Any CPU
		{AE8EC3D4-5BAD-4EBA-AA9D-9A68BC7D6FC8}.Release|Any CPU.Build.0 = Release|Any CPU
		{F38252B7-4354-4EA2-807A-E8C2B891B855}.Debug|Any CPU.ActiveCfg = Debug|Any CPU
		{F38252B7-4354-4EA2-807A-E8C2B891B855}.Debug|Any CPU.Build.0 = Debug|Any CPU
		{F38252B7-4354-4EA2-807A-E8C2B891B855}.Release|Any CPU.ActiveCfg = Release|Any CPU
		{F38252B7-4354-4EA2-807A-E8C2B891B855}.Release|Any CPU.Build.0 = Release|Any CPU
		{96C1AA2C-9B23-4227-BEFA-C43BD73CF219}.Debug|Any CPU.ActiveCfg = Debug|Any CPU
		{96C1AA2C-9B23-4227-BEFA-C43BD73CF219}.Debug|Any CPU.Build.0 = Debug|Any CPU
		{96C1AA2C-9B23-4227-BEFA-C43BD73CF219}.Release|Any CPU.ActiveCfg = Release|Any CPU
		{96C1AA2C-9B23-4227-BEFA-C43BD73CF219}.Release|Any CPU.Build.0 = Release|Any CPU
		{192B543B-9343-442D-AEB6-1F8ED1C78035}.Debug|Any CPU.ActiveCfg = Debug|Any CPU
		{192B543B-9343-442D-AEB6-1F8ED1C78035}.Debug|Any CPU.Build.0 = Debug|Any CPU
		{192B543B-9343-442D-AEB6-1F8ED1C78035}.Release|Any CPU.ActiveCfg = Release|Any CPU
		{192B543B-9343-442D-AEB6-1F8ED1C78035}.Release|Any CPU.Build.0 = Release|Any CPU
		{FC398BDE-B1D5-4A70-AA2D-7FCFF22CA72C}.Debug|Any CPU.ActiveCfg = Debug|Any CPU
		{FC398BDE-B1D5-4A70-AA2D-7FCFF22CA72C}.Debug|Any CPU.Build.0 = Debug|Any CPU
		{FC398BDE-B1D5-4A70-AA2D-7FCFF22CA72C}.Release|Any CPU.ActiveCfg = Release|Any CPU
		{FC398BDE-B1D5-4A70-AA2D-7FCFF22CA72C}.Release|Any CPU.Build.0 = Release|Any CPU
		{169F77F4-8055-43D2-898C-3CF715C9BD80}.Debug|Any CPU.ActiveCfg = Debug|Any CPU
		{169F77F4-8055-43D2-898C-3CF715C9BD80}.Debug|Any CPU.Build.0 = Debug|Any CPU
		{169F77F4-8055-43D2-898C-3CF715C9BD80}.Release|Any CPU.ActiveCfg = Release|Any CPU
		{169F77F4-8055-43D2-898C-3CF715C9BD80}.Release|Any CPU.Build.0 = Release|Any CPU
		{533906D6-D464-485F-A3A9-4F40253F4180}.Debug|Any CPU.ActiveCfg = Debug|Any CPU
		{533906D6-D464-485F-A3A9-4F40253F4180}.Debug|Any CPU.Build.0 = Debug|Any CPU
		{533906D6-D464-485F-A3A9-4F40253F4180}.Release|Any CPU.ActiveCfg = Release|Any CPU
		{533906D6-D464-485F-A3A9-4F40253F4180}.Release|Any CPU.Build.0 = Release|Any CPU
		{FA8A52F8-6CA0-4125-A93D-86C1D0785C4F}.Debug|Any CPU.ActiveCfg = Debug|Any CPU
		{FA8A52F8-6CA0-4125-A93D-86C1D0785C4F}.Debug|Any CPU.Build.0 = Debug|Any CPU
		{FA8A52F8-6CA0-4125-A93D-86C1D0785C4F}.Release|Any CPU.ActiveCfg = Release|Any CPU
		{FA8A52F8-6CA0-4125-A93D-86C1D0785C4F}.Release|Any CPU.Build.0 = Release|Any CPU
		{E5412087-2E34-4F51-BD59-7BD489B0F1F3}.Debug|Any CPU.ActiveCfg = Debug|Any CPU
		{E5412087-2E34-4F51-BD59-7BD489B0F1F3}.Debug|Any CPU.Build.0 = Debug|Any CPU
		{E5412087-2E34-4F51-BD59-7BD489B0F1F3}.Release|Any CPU.ActiveCfg = Release|Any CPU
		{E5412087-2E34-4F51-BD59-7BD489B0F1F3}.Release|Any CPU.Build.0 = Release|Any CPU
		{9830653B-8F64-4047-B6E7-37CA76A9D63E}.Debug|Any CPU.ActiveCfg = Debug|Any CPU
		{9830653B-8F64-4047-B6E7-37CA76A9D63E}.Debug|Any CPU.Build.0 = Debug|Any CPU
		{9830653B-8F64-4047-B6E7-37CA76A9D63E}.Release|Any CPU.ActiveCfg = Release|Any CPU
		{9830653B-8F64-4047-B6E7-37CA76A9D63E}.Release|Any CPU.Build.0 = Release|Any CPU
		{E02C87EE-3A9A-4C60-B60A-D06149D212E1}.Debug|Any CPU.ActiveCfg = Debug|Any CPU
		{E02C87EE-3A9A-4C60-B60A-D06149D212E1}.Debug|Any CPU.Build.0 = Debug|Any CPU
		{E02C87EE-3A9A-4C60-B60A-D06149D212E1}.Release|Any CPU.ActiveCfg = Release|Any CPU
		{E02C87EE-3A9A-4C60-B60A-D06149D212E1}.Release|Any CPU.Build.0 = Release|Any CPU
		{58D51A00-FB06-4A4F-8ACC-833AD3CB1360}.Debug|Any CPU.ActiveCfg = Debug|Any CPU
		{58D51A00-FB06-4A4F-8ACC-833AD3CB1360}.Debug|Any CPU.Build.0 = Debug|Any CPU
		{58D51A00-FB06-4A4F-8ACC-833AD3CB1360}.Release|Any CPU.ActiveCfg = Release|Any CPU
		{58D51A00-FB06-4A4F-8ACC-833AD3CB1360}.Release|Any CPU.Build.0 = Release|Any CPU
		{A444BF2F-D6F5-4EB7-B3E1-A65163FF387C}.Debug|Any CPU.ActiveCfg = Debug|Any CPU
		{A444BF2F-D6F5-4EB7-B3E1-A65163FF387C}.Debug|Any CPU.Build.0 = Debug|Any CPU
		{A444BF2F-D6F5-4EB7-B3E1-A65163FF387C}.Release|Any CPU.ActiveCfg = Release|Any CPU
		{A444BF2F-D6F5-4EB7-B3E1-A65163FF387C}.Release|Any CPU.Build.0 = Release|Any CPU
	EndGlobalSection
	GlobalSection(SolutionProperties) = preSolution
		HideSolutionNode = FALSE
	EndGlobalSection
	GlobalSection(NestedProjects) = preSolution
		{B218533D-4C1A-4006-BE93-FD64E313BECB} = {97AE0739-BEDF-4EC8-9147-711C74A1A86D}
		{47098869-FB90-4420-90C0-1C6F437C3238} = {97AE0739-BEDF-4EC8-9147-711C74A1A86D}
		{F42484A9-5BC4-4963-91CC-B8034347CA3B} = {6D473DCE-6153-4480-A976-DAF41DFA83B6}
		{B3A033B7-B0B9-4138-B18B-ABEA622E5E10} = {6D473DCE-6153-4480-A976-DAF41DFA83B6}
		{67041B01-5212-40EE-855D-9C8DE8900799} = {BE4AFD6A-E0AC-4282-9DD5-08C3FC016ED3}
		{96A89E09-ED75-40D9-AF99-634D1693914E} = {BE4AFD6A-E0AC-4282-9DD5-08C3FC016ED3}
		{A4BB39A4-2B96-492A-AF53-73EBD9B920C8} = {0E99BAAB-F112-4743-B1E6-E5EF3C149FCD}
		{587A198A-F111-450E-8640-C0D742269378} = {0E99BAAB-F112-4743-B1E6-E5EF3C149FCD}
		{684DE5F5-E0E2-4261-85C8-3C07C58DFCB4} = {C35AB7AF-D97C-46A8-9128-CA30085ED18D}
		{A1D962D1-6144-4B4D-A4D9-A1C914838555} = {C35AB7AF-D97C-46A8-9128-CA30085ED18D}
		{ACB8591B-19BF-42F2-A240-04E7DADB4E63} = {4E72F67F-4A94-42C6-AA42-403943818251}
		{AE8EC3D4-5BAD-4EBA-AA9D-9A68BC7D6FC8} = {4E72F67F-4A94-42C6-AA42-403943818251}
		{F38252B7-4354-4EA2-807A-E8C2B891B855} = {E9A60B8B-24F4-4F23-B8C4-6AEFAD864D7D}
		{96C1AA2C-9B23-4227-BEFA-C43BD73CF219} = {E9A60B8B-24F4-4F23-B8C4-6AEFAD864D7D}
		{192B543B-9343-442D-AEB6-1F8ED1C78035} = {D05722E8-22B2-4CCA-BA28-AB4904FABF69}
		{FC398BDE-B1D5-4A70-AA2D-7FCFF22CA72C} = {D05722E8-22B2-4CCA-BA28-AB4904FABF69}
		{169F77F4-8055-43D2-898C-3CF715C9BD80} = {2C9DA1B4-F0CC-4B5F-B3F9-88AF4020A772}
		{533906D6-D464-485F-A3A9-4F40253F4180} = {2C9DA1B4-F0CC-4B5F-B3F9-88AF4020A772}
		{FA8A52F8-6CA0-4125-A93D-86C1D0785C4F} = {BD0307B8-AA19-47DF-8A3A-F0BC29858F5E}
		{E5412087-2E34-4F51-BD59-7BD489B0F1F3} = {BD0307B8-AA19-47DF-8A3A-F0BC29858F5E}
		{9830653B-8F64-4047-B6E7-37CA76A9D63E} = {679AA8D1-B9C4-4EDC-83F5-14045B85F5F7}
		{E02C87EE-3A9A-4C60-B60A-D06149D212E1} = {679AA8D1-B9C4-4EDC-83F5-14045B85F5F7}
		{58D51A00-FB06-4A4F-8ACC-833AD3CB1360} = {A64AD1D1-8897-4C30-8620-070E465B4EED}
		{A444BF2F-D6F5-4EB7-B3E1-A65163FF387C} = {A64AD1D1-8897-4C30-8620-070E465B4EED}
	EndGlobalSection
	GlobalSection(ExtensibilityGlobals) = postSolution
		SolutionGuid = {F9E56EA3-B013-4C3A-816B-DCD0FE19D6B3}
	EndGlobalSection
EndGlobal
