
Microsoft Visual Studio Solution File, Format Version 12.00
# Visual Studio Version 17
VisualStudioVersion = 17.8.34330.188
MinimumVisualStudioVersion = 10.0.40219.1
Project("{2150E333-8FDC-42A3-9474-1A3956D46DE8}") = "Day01", "Day01", "{F03F6867-988C-4408-A3AB-92CBEC4C862D}"
EndProject
Project("{9A19103F-16F7-4668-BE54-9A1E7A4F7556}") = "Day01", "Day01\Day01\Day01.csproj", "{41611F81-3248-40C5-ACEE-2790D9E2FDFC}"
EndProject
Project("{9A19103F-16F7-4668-BE54-9A1E7A4F7556}") = "Day01.Tests", "Day01\Day01.Tests\Day01.Tests.csproj", "{6DB35ED4-E79B-43F2-8B08-702AF1CB01CB}"
EndProject
Project("{2150E333-8FDC-42A3-9474-1A3956D46DE8}") = "Day02", "Day02", "{24609435-AFC0-435D-B2F7-00768A724B38}"
	ProjectSection(SolutionItems) = preProject
		Day02\input.txt = Day02\input.txt
	EndProjectSection
EndProject
Project("{9A19103F-16F7-4668-BE54-9A1E7A4F7556}") = "Day02.Tests", "Day02\Day02.Tests\Day02.Tests.csproj", "{DF6A30D6-1EEE-421E-9CA9-398082A72A64}"
EndProject
Project("{9A19103F-16F7-4668-BE54-9A1E7A4F7556}") = "Day02", "Day02\Day02\Day02.csproj", "{BEFF5DB8-6C7E-4407-BFBF-0B33706B0896}"
EndProject
Project("{2150E333-8FDC-42A3-9474-1A3956D46DE8}") = "Day03", "Day03", "{4BC5FAE9-0238-426E-9523-9EDF35CDBD84}"
EndProject
Project("{9A19103F-16F7-4668-BE54-9A1E7A4F7556}") = "Day03", "Day03\Day03\Day03.csproj", "{594EC1B8-065A-4F62-A0A1-EE778A8B1BB5}"
EndProject
Project("{9A19103F-16F7-4668-BE54-9A1E7A4F7556}") = "Day03.Tests", "Day03\Day03.Tests\Day03.Tests.csproj", "{F13D7171-11FC-45EE-AFC1-99065467E9E9}"
EndProject
Project("{2150E333-8FDC-42A3-9474-1A3956D46DE8}") = "Day04", "Day04", "{4D5D7DBF-7EC0-47B5-85B7-9D1151DD61FB}"
EndProject
Project("{9A19103F-16F7-4668-BE54-9A1E7A4F7556}") = "Day04.Tests", "Day04\Day04.Tests\Day04.Tests.csproj", "{5DEB0A2F-1341-49D0-9051-D7E108D91AFA}"
EndProject
Project("{9A19103F-16F7-4668-BE54-9A1E7A4F7556}") = "Day04", "Day04\Day04\Day04.csproj", "{8465A4AF-6D4F-4212-BA33-61701909E041}"
EndProject
Project("{2150E333-8FDC-42A3-9474-1A3956D46DE8}") = "Day05", "Day05", "{5E3E2C9E-9AEA-422B-B7BF-0EBBCD7D0737}"
EndProject
Project("{9A19103F-16F7-4668-BE54-9A1E7A4F7556}") = "Day05", "Day05\Day05\Day05.csproj", "{258C8393-EC62-415F-9937-16F5D832D7CB}"
EndProject
Project("{9A19103F-16F7-4668-BE54-9A1E7A4F7556}") = "Day05.Tests", "Day05\Day05.Tests\Day05.Tests.csproj", "{823AFC95-DC9C-46CD-9CF6-8B29F9DBC301}"
EndProject
Project("{2150E333-8FDC-42A3-9474-1A3956D46DE8}") = "Day06", "Day06", "{098CDDED-9829-499F-B55A-6B52DAD0F609}"
EndProject
Project("{9A19103F-16F7-4668-BE54-9A1E7A4F7556}") = "Day06.Tests", "Day06\Day06.Tests\Day06.Tests.csproj", "{78294278-D6F3-496F-988A-BE86F403666C}"
EndProject
Project("{9A19103F-16F7-4668-BE54-9A1E7A4F7556}") = "Day06", "Day06\Day06\Day06.csproj", "{DEE5D778-FE74-406E-86CF-AA6F3982347A}"
EndProject
Project("{2150E333-8FDC-42A3-9474-1A3956D46DE8}") = "Day07", "Day07", "{57705986-CD36-42AD-977E-6BDB097ED50C}"
	ProjectSection(SolutionItems) = preProject
		Day07\input.txt = Day07\input.txt
	EndProjectSection
EndProject
Project("{9A19103F-16F7-4668-BE54-9A1E7A4F7556}") = "Day07", "Day07\Day07\Day07.csproj", "{AF443A83-0A63-4BEF-BC1C-2E96FD48B8AC}"
EndProject
Project("{9A19103F-16F7-4668-BE54-9A1E7A4F7556}") = "Day07.Tests", "Day07\Day07.Tests\Day07.Tests.csproj", "{F1FFA9B0-4437-4271-A8A9-8CF1CE8A6848}"
EndProject
Project("{2150E333-8FDC-42A3-9474-1A3956D46DE8}") = "Day08", "Day08", "{8782C8E9-9E61-403F-9E44-F069FBD2F3CF}"
	ProjectSection(SolutionItems) = preProject
		Day08\input.txt = Day08\input.txt
	EndProjectSection
EndProject
Project("{9A19103F-16F7-4668-BE54-9A1E7A4F7556}") = "Day08.Tests", "Day08\Day08.Tests\Day08.Tests.csproj", "{B32B718B-4E98-47DA-BA19-8FCDAD251C89}"
EndProject
Project("{9A19103F-16F7-4668-BE54-9A1E7A4F7556}") = "Day08", "Day08\Day08\Day08.csproj", "{2E6786A3-9C72-4448-9469-43F576606952}"
EndProject
Project("{2150E333-8FDC-42A3-9474-1A3956D46DE8}") = "Day09", "Day09", "{0B9389ED-01C3-4281-80EB-723DA5540816}"
	ProjectSection(SolutionItems) = preProject
		Day09\input.txt = Day09\input.txt
	EndProjectSection
EndProject
Project("{9A19103F-16F7-4668-BE54-9A1E7A4F7556}") = "Day09", "Day09\Day09\Day09.csproj", "{8ED8FF89-BADE-42D3-B277-B612CEAD9802}"
EndProject
Project("{9A19103F-16F7-4668-BE54-9A1E7A4F7556}") = "Day09.Tests", "Day09\Day09.Tests\Day09.Tests.csproj", "{D66145CA-040E-4326-B66A-6A6B77BE369E}"
EndProject
Project("{2150E333-8FDC-42A3-9474-1A3956D46DE8}") = "Day11", "Day11", "{0A52D3A3-45C9-43D4-B7D6-E5A14D7E6BE1}"
	ProjectSection(SolutionItems) = preProject
		Day11\input.txt = Day11\input.txt
	EndProjectSection
EndProject
Project("{FAE04EC0-301F-11D3-BF4B-00C04F79EFBC}") = "Day11.Tests", "Day11\Day11.Tests\Day11.Tests.csproj", "{F8620800-9247-4C00-A097-C643E3F58405}"
EndProject
Project("{FAE04EC0-301F-11D3-BF4B-00C04F79EFBC}") = "Day11", "Day11\Day11\Day11.csproj", "{A5877138-FE15-4B5E-AB2D-D47589927B05}"
EndProject
Project("{2150E333-8FDC-42A3-9474-1A3956D46DE8}") = "Day10", "Day10", "{E8CB9661-F33C-45B6-8E49-454C0CFD5153}"
	ProjectSection(SolutionItems) = preProject
		Day10\input.txt = Day10\input.txt
	EndProjectSection
EndProject
Project("{FAE04EC0-301F-11D3-BF4B-00C04F79EFBC}") = "Day10.Tests", "Day10\Day10.Tests\Day10.Tests.csproj", "{FBF74464-E099-4A25-93CB-91B36B7E5AD8}"
EndProject
Project("{FAE04EC0-301F-11D3-BF4B-00C04F79EFBC}") = "Day10", "Day10\Day10\Day10.csproj", "{4D853E36-C5FB-4352-BB96-F408E51BAD54}"
EndProject
Project("{2150E333-8FDC-42A3-9474-1A3956D46DE8}") = "Day12", "Day12", "{858F58A9-1C85-4019-B0B8-8E7DBC806DC6}"
	ProjectSection(SolutionItems) = preProject
		Day12\input.txt = Day12\input.txt
	EndProjectSection
EndProject
Project("{FAE04EC0-301F-11D3-BF4B-00C04F79EFBC}") = "Day12", "Day12\Day12\Day12.csproj", "{4310C954-B328-4D9E-8707-975BD53A597E}"
EndProject
Project("{FAE04EC0-301F-11D3-BF4B-00C04F79EFBC}") = "Day12.Tests", "Day12\Day12.Tests\Day12.Tests.csproj", "{F9F79015-594D-4413-BE24-312C0C8C0564}"
EndProject
Project("{2150E333-8FDC-42A3-9474-1A3956D46DE8}") = "Day13", "Day13", "{BB35386E-7947-4CF1-AFD7-6F7BA4D50986}"
	ProjectSection(SolutionItems) = preProject
		Day13\input.txt = Day13\input.txt
	EndProjectSection
EndProject
Project("{FAE04EC0-301F-11D3-BF4B-00C04F79EFBC}") = "Day13", "Day13\Day13\Day13.csproj", "{4C3F7EA9-22E2-4A74-9420-16AC69457692}"
EndProject
Project("{FAE04EC0-301F-11D3-BF4B-00C04F79EFBC}") = "Day13.Tests", "Day13\Day13.Tests\Day13.Tests.csproj", "{BD0FF4A1-B92D-4828-81FF-CD08885732EF}"
EndProject
Project("{2150E333-8FDC-42A3-9474-1A3956D46DE8}") = "Day14", "Day14", "{11F88352-AB51-4D40-9C2F-113EB302E128}"
	ProjectSection(SolutionItems) = preProject
		Day14\input.txt = Day14\input.txt
	EndProjectSection
EndProject
Project("{FAE04EC0-301F-11D3-BF4B-00C04F79EFBC}") = "Day14.Tests", "Day14\Day14.Tests\Day14.Tests.csproj", "{8D68B7FB-4DFA-485E-B66D-10620F3E70F5}"
EndProject
Project("{FAE04EC0-301F-11D3-BF4B-00C04F79EFBC}") = "Day14", "Day14\Day14\Day14.csproj", "{26F6E5F7-395E-4125-9009-7A7884339E91}"
EndProject
Global
	GlobalSection(SolutionConfigurationPlatforms) = preSolution
		Debug|Any CPU = Debug|Any CPU
		Release|Any CPU = Release|Any CPU
	EndGlobalSection
	GlobalSection(ProjectConfigurationPlatforms) = postSolution
		{41611F81-3248-40C5-ACEE-2790D9E2FDFC}.Debug|Any CPU.ActiveCfg = Debug|Any CPU
		{41611F81-3248-40C5-ACEE-2790D9E2FDFC}.Debug|Any CPU.Build.0 = Debug|Any CPU
		{41611F81-3248-40C5-ACEE-2790D9E2FDFC}.Release|Any CPU.ActiveCfg = Release|Any CPU
		{41611F81-3248-40C5-ACEE-2790D9E2FDFC}.Release|Any CPU.Build.0 = Release|Any CPU
		{6DB35ED4-E79B-43F2-8B08-702AF1CB01CB}.Debug|Any CPU.ActiveCfg = Debug|Any CPU
		{6DB35ED4-E79B-43F2-8B08-702AF1CB01CB}.Debug|Any CPU.Build.0 = Debug|Any CPU
		{6DB35ED4-E79B-43F2-8B08-702AF1CB01CB}.Release|Any CPU.ActiveCfg = Release|Any CPU
		{6DB35ED4-E79B-43F2-8B08-702AF1CB01CB}.Release|Any CPU.Build.0 = Release|Any CPU
		{DF6A30D6-1EEE-421E-9CA9-398082A72A64}.Debug|Any CPU.ActiveCfg = Debug|Any CPU
		{DF6A30D6-1EEE-421E-9CA9-398082A72A64}.Debug|Any CPU.Build.0 = Debug|Any CPU
		{DF6A30D6-1EEE-421E-9CA9-398082A72A64}.Release|Any CPU.ActiveCfg = Release|Any CPU
		{DF6A30D6-1EEE-421E-9CA9-398082A72A64}.Release|Any CPU.Build.0 = Release|Any CPU
		{BEFF5DB8-6C7E-4407-BFBF-0B33706B0896}.Debug|Any CPU.ActiveCfg = Debug|Any CPU
		{BEFF5DB8-6C7E-4407-BFBF-0B33706B0896}.Debug|Any CPU.Build.0 = Debug|Any CPU
		{BEFF5DB8-6C7E-4407-BFBF-0B33706B0896}.Release|Any CPU.ActiveCfg = Release|Any CPU
		{BEFF5DB8-6C7E-4407-BFBF-0B33706B0896}.Release|Any CPU.Build.0 = Release|Any CPU
		{594EC1B8-065A-4F62-A0A1-EE778A8B1BB5}.Debug|Any CPU.ActiveCfg = Debug|Any CPU
		{594EC1B8-065A-4F62-A0A1-EE778A8B1BB5}.Debug|Any CPU.Build.0 = Debug|Any CPU
		{594EC1B8-065A-4F62-A0A1-EE778A8B1BB5}.Release|Any CPU.ActiveCfg = Release|Any CPU
		{594EC1B8-065A-4F62-A0A1-EE778A8B1BB5}.Release|Any CPU.Build.0 = Release|Any CPU
		{F13D7171-11FC-45EE-AFC1-99065467E9E9}.Debug|Any CPU.ActiveCfg = Debug|Any CPU
		{F13D7171-11FC-45EE-AFC1-99065467E9E9}.Debug|Any CPU.Build.0 = Debug|Any CPU
		{F13D7171-11FC-45EE-AFC1-99065467E9E9}.Release|Any CPU.ActiveCfg = Release|Any CPU
		{F13D7171-11FC-45EE-AFC1-99065467E9E9}.Release|Any CPU.Build.0 = Release|Any CPU
		{5DEB0A2F-1341-49D0-9051-D7E108D91AFA}.Debug|Any CPU.ActiveCfg = Debug|Any CPU
		{5DEB0A2F-1341-49D0-9051-D7E108D91AFA}.Debug|Any CPU.Build.0 = Debug|Any CPU
		{5DEB0A2F-1341-49D0-9051-D7E108D91AFA}.Release|Any CPU.ActiveCfg = Release|Any CPU
		{5DEB0A2F-1341-49D0-9051-D7E108D91AFA}.Release|Any CPU.Build.0 = Release|Any CPU
		{8465A4AF-6D4F-4212-BA33-61701909E041}.Debug|Any CPU.ActiveCfg = Debug|Any CPU
		{8465A4AF-6D4F-4212-BA33-61701909E041}.Debug|Any CPU.Build.0 = Debug|Any CPU
		{8465A4AF-6D4F-4212-BA33-61701909E041}.Release|Any CPU.ActiveCfg = Release|Any CPU
		{8465A4AF-6D4F-4212-BA33-61701909E041}.Release|Any CPU.Build.0 = Release|Any CPU
		{258C8393-EC62-415F-9937-16F5D832D7CB}.Debug|Any CPU.ActiveCfg = Debug|Any CPU
		{258C8393-EC62-415F-9937-16F5D832D7CB}.Debug|Any CPU.Build.0 = Debug|Any CPU
		{258C8393-EC62-415F-9937-16F5D832D7CB}.Release|Any CPU.ActiveCfg = Release|Any CPU
		{258C8393-EC62-415F-9937-16F5D832D7CB}.Release|Any CPU.Build.0 = Release|Any CPU
		{823AFC95-DC9C-46CD-9CF6-8B29F9DBC301}.Debug|Any CPU.ActiveCfg = Debug|Any CPU
		{823AFC95-DC9C-46CD-9CF6-8B29F9DBC301}.Debug|Any CPU.Build.0 = Debug|Any CPU
		{823AFC95-DC9C-46CD-9CF6-8B29F9DBC301}.Release|Any CPU.ActiveCfg = Release|Any CPU
		{823AFC95-DC9C-46CD-9CF6-8B29F9DBC301}.Release|Any CPU.Build.0 = Release|Any CPU
		{78294278-D6F3-496F-988A-BE86F403666C}.Debug|Any CPU.ActiveCfg = Debug|Any CPU
		{78294278-D6F3-496F-988A-BE86F403666C}.Debug|Any CPU.Build.0 = Debug|Any CPU
		{78294278-D6F3-496F-988A-BE86F403666C}.Release|Any CPU.ActiveCfg = Release|Any CPU
		{78294278-D6F3-496F-988A-BE86F403666C}.Release|Any CPU.Build.0 = Release|Any CPU
		{DEE5D778-FE74-406E-86CF-AA6F3982347A}.Debug|Any CPU.ActiveCfg = Debug|Any CPU
		{DEE5D778-FE74-406E-86CF-AA6F3982347A}.Debug|Any CPU.Build.0 = Debug|Any CPU
		{DEE5D778-FE74-406E-86CF-AA6F3982347A}.Release|Any CPU.ActiveCfg = Release|Any CPU
		{DEE5D778-FE74-406E-86CF-AA6F3982347A}.Release|Any CPU.Build.0 = Release|Any CPU
		{AF443A83-0A63-4BEF-BC1C-2E96FD48B8AC}.Debug|Any CPU.ActiveCfg = Debug|Any CPU
		{AF443A83-0A63-4BEF-BC1C-2E96FD48B8AC}.Debug|Any CPU.Build.0 = Debug|Any CPU
		{AF443A83-0A63-4BEF-BC1C-2E96FD48B8AC}.Release|Any CPU.ActiveCfg = Release|Any CPU
		{AF443A83-0A63-4BEF-BC1C-2E96FD48B8AC}.Release|Any CPU.Build.0 = Release|Any CPU
		{F1FFA9B0-4437-4271-A8A9-8CF1CE8A6848}.Debug|Any CPU.ActiveCfg = Debug|Any CPU
		{F1FFA9B0-4437-4271-A8A9-8CF1CE8A6848}.Debug|Any CPU.Build.0 = Debug|Any CPU
		{F1FFA9B0-4437-4271-A8A9-8CF1CE8A6848}.Release|Any CPU.ActiveCfg = Release|Any CPU
		{F1FFA9B0-4437-4271-A8A9-8CF1CE8A6848}.Release|Any CPU.Build.0 = Release|Any CPU
		{B32B718B-4E98-47DA-BA19-8FCDAD251C89}.Debug|Any CPU.ActiveCfg = Debug|Any CPU
		{B32B718B-4E98-47DA-BA19-8FCDAD251C89}.Debug|Any CPU.Build.0 = Debug|Any CPU
		{B32B718B-4E98-47DA-BA19-8FCDAD251C89}.Release|Any CPU.ActiveCfg = Release|Any CPU
		{B32B718B-4E98-47DA-BA19-8FCDAD251C89}.Release|Any CPU.Build.0 = Release|Any CPU
		{2E6786A3-9C72-4448-9469-43F576606952}.Debug|Any CPU.ActiveCfg = Debug|Any CPU
		{2E6786A3-9C72-4448-9469-43F576606952}.Debug|Any CPU.Build.0 = Debug|Any CPU
		{2E6786A3-9C72-4448-9469-43F576606952}.Release|Any CPU.ActiveCfg = Release|Any CPU
		{2E6786A3-9C72-4448-9469-43F576606952}.Release|Any CPU.Build.0 = Release|Any CPU
		{8ED8FF89-BADE-42D3-B277-B612CEAD9802}.Debug|Any CPU.ActiveCfg = Debug|Any CPU
		{8ED8FF89-BADE-42D3-B277-B612CEAD9802}.Debug|Any CPU.Build.0 = Debug|Any CPU
		{8ED8FF89-BADE-42D3-B277-B612CEAD9802}.Release|Any CPU.ActiveCfg = Release|Any CPU
		{8ED8FF89-BADE-42D3-B277-B612CEAD9802}.Release|Any CPU.Build.0 = Release|Any CPU
		{D66145CA-040E-4326-B66A-6A6B77BE369E}.Debug|Any CPU.ActiveCfg = Debug|Any CPU
		{D66145CA-040E-4326-B66A-6A6B77BE369E}.Debug|Any CPU.Build.0 = Debug|Any CPU
		{D66145CA-040E-4326-B66A-6A6B77BE369E}.Release|Any CPU.ActiveCfg = Release|Any CPU
		{D66145CA-040E-4326-B66A-6A6B77BE369E}.Release|Any CPU.Build.0 = Release|Any CPU
		{F8620800-9247-4C00-A097-C643E3F58405}.Debug|Any CPU.ActiveCfg = Debug|Any CPU
		{F8620800-9247-4C00-A097-C643E3F58405}.Debug|Any CPU.Build.0 = Debug|Any CPU
		{F8620800-9247-4C00-A097-C643E3F58405}.Release|Any CPU.ActiveCfg = Release|Any CPU
		{F8620800-9247-4C00-A097-C643E3F58405}.Release|Any CPU.Build.0 = Release|Any CPU
		{A5877138-FE15-4B5E-AB2D-D47589927B05}.Debug|Any CPU.ActiveCfg = Debug|Any CPU
		{A5877138-FE15-4B5E-AB2D-D47589927B05}.Debug|Any CPU.Build.0 = Debug|Any CPU
		{A5877138-FE15-4B5E-AB2D-D47589927B05}.Release|Any CPU.ActiveCfg = Release|Any CPU
		{A5877138-FE15-4B5E-AB2D-D47589927B05}.Release|Any CPU.Build.0 = Release|Any CPU
		{FBF74464-E099-4A25-93CB-91B36B7E5AD8}.Debug|Any CPU.ActiveCfg = Debug|Any CPU
		{FBF74464-E099-4A25-93CB-91B36B7E5AD8}.Debug|Any CPU.Build.0 = Debug|Any CPU
		{FBF74464-E099-4A25-93CB-91B36B7E5AD8}.Release|Any CPU.ActiveCfg = Release|Any CPU
		{FBF74464-E099-4A25-93CB-91B36B7E5AD8}.Release|Any CPU.Build.0 = Release|Any CPU
		{4D853E36-C5FB-4352-BB96-F408E51BAD54}.Debug|Any CPU.ActiveCfg = Debug|Any CPU
		{4D853E36-C5FB-4352-BB96-F408E51BAD54}.Debug|Any CPU.Build.0 = Debug|Any CPU
		{4D853E36-C5FB-4352-BB96-F408E51BAD54}.Release|Any CPU.ActiveCfg = Release|Any CPU
		{4D853E36-C5FB-4352-BB96-F408E51BAD54}.Release|Any CPU.Build.0 = Release|Any CPU
		{4310C954-B328-4D9E-8707-975BD53A597E}.Debug|Any CPU.ActiveCfg = Debug|Any CPU
		{4310C954-B328-4D9E-8707-975BD53A597E}.Debug|Any CPU.Build.0 = Debug|Any CPU
		{4310C954-B328-4D9E-8707-975BD53A597E}.Release|Any CPU.ActiveCfg = Release|Any CPU
		{4310C954-B328-4D9E-8707-975BD53A597E}.Release|Any CPU.Build.0 = Release|Any CPU
		{F9F79015-594D-4413-BE24-312C0C8C0564}.Debug|Any CPU.ActiveCfg = Debug|Any CPU
		{F9F79015-594D-4413-BE24-312C0C8C0564}.Debug|Any CPU.Build.0 = Debug|Any CPU
		{F9F79015-594D-4413-BE24-312C0C8C0564}.Release|Any CPU.ActiveCfg = Release|Any CPU
		{F9F79015-594D-4413-BE24-312C0C8C0564}.Release|Any CPU.Build.0 = Release|Any CPU
		{4C3F7EA9-22E2-4A74-9420-16AC69457692}.Debug|Any CPU.ActiveCfg = Debug|Any CPU
		{4C3F7EA9-22E2-4A74-9420-16AC69457692}.Debug|Any CPU.Build.0 = Debug|Any CPU
		{4C3F7EA9-22E2-4A74-9420-16AC69457692}.Release|Any CPU.ActiveCfg = Release|Any CPU
		{4C3F7EA9-22E2-4A74-9420-16AC69457692}.Release|Any CPU.Build.0 = Release|Any CPU
		{BD0FF4A1-B92D-4828-81FF-CD08885732EF}.Debug|Any CPU.ActiveCfg = Debug|Any CPU
		{BD0FF4A1-B92D-4828-81FF-CD08885732EF}.Debug|Any CPU.Build.0 = Debug|Any CPU
		{BD0FF4A1-B92D-4828-81FF-CD08885732EF}.Release|Any CPU.ActiveCfg = Release|Any CPU
		{BD0FF4A1-B92D-4828-81FF-CD08885732EF}.Release|Any CPU.Build.0 = Release|Any CPU
		{8D68B7FB-4DFA-485E-B66D-10620F3E70F5}.Debug|Any CPU.ActiveCfg = Debug|Any CPU
		{8D68B7FB-4DFA-485E-B66D-10620F3E70F5}.Debug|Any CPU.Build.0 = Debug|Any CPU
		{8D68B7FB-4DFA-485E-B66D-10620F3E70F5}.Release|Any CPU.ActiveCfg = Release|Any CPU
		{8D68B7FB-4DFA-485E-B66D-10620F3E70F5}.Release|Any CPU.Build.0 = Release|Any CPU
		{26F6E5F7-395E-4125-9009-7A7884339E91}.Debug|Any CPU.ActiveCfg = Debug|Any CPU
		{26F6E5F7-395E-4125-9009-7A7884339E91}.Debug|Any CPU.Build.0 = Debug|Any CPU
		{26F6E5F7-395E-4125-9009-7A7884339E91}.Release|Any CPU.ActiveCfg = Release|Any CPU
		{26F6E5F7-395E-4125-9009-7A7884339E91}.Release|Any CPU.Build.0 = Release|Any CPU
	EndGlobalSection
	GlobalSection(SolutionProperties) = preSolution
		HideSolutionNode = FALSE
	EndGlobalSection
	GlobalSection(NestedProjects) = preSolution
		{41611F81-3248-40C5-ACEE-2790D9E2FDFC} = {F03F6867-988C-4408-A3AB-92CBEC4C862D}
		{6DB35ED4-E79B-43F2-8B08-702AF1CB01CB} = {F03F6867-988C-4408-A3AB-92CBEC4C862D}
		{DF6A30D6-1EEE-421E-9CA9-398082A72A64} = {24609435-AFC0-435D-B2F7-00768A724B38}
		{BEFF5DB8-6C7E-4407-BFBF-0B33706B0896} = {24609435-AFC0-435D-B2F7-00768A724B38}
		{594EC1B8-065A-4F62-A0A1-EE778A8B1BB5} = {4BC5FAE9-0238-426E-9523-9EDF35CDBD84}
		{F13D7171-11FC-45EE-AFC1-99065467E9E9} = {4BC5FAE9-0238-426E-9523-9EDF35CDBD84}
		{5DEB0A2F-1341-49D0-9051-D7E108D91AFA} = {4D5D7DBF-7EC0-47B5-85B7-9D1151DD61FB}
		{8465A4AF-6D4F-4212-BA33-61701909E041} = {4D5D7DBF-7EC0-47B5-85B7-9D1151DD61FB}
		{258C8393-EC62-415F-9937-16F5D832D7CB} = {5E3E2C9E-9AEA-422B-B7BF-0EBBCD7D0737}
		{823AFC95-DC9C-46CD-9CF6-8B29F9DBC301} = {5E3E2C9E-9AEA-422B-B7BF-0EBBCD7D0737}
		{78294278-D6F3-496F-988A-BE86F403666C} = {098CDDED-9829-499F-B55A-6B52DAD0F609}
		{DEE5D778-FE74-406E-86CF-AA6F3982347A} = {098CDDED-9829-499F-B55A-6B52DAD0F609}
		{AF443A83-0A63-4BEF-BC1C-2E96FD48B8AC} = {57705986-CD36-42AD-977E-6BDB097ED50C}
		{F1FFA9B0-4437-4271-A8A9-8CF1CE8A6848} = {57705986-CD36-42AD-977E-6BDB097ED50C}
		{B32B718B-4E98-47DA-BA19-8FCDAD251C89} = {8782C8E9-9E61-403F-9E44-F069FBD2F3CF}
		{2E6786A3-9C72-4448-9469-43F576606952} = {8782C8E9-9E61-403F-9E44-F069FBD2F3CF}
		{8ED8FF89-BADE-42D3-B277-B612CEAD9802} = {0B9389ED-01C3-4281-80EB-723DA5540816}
		{D66145CA-040E-4326-B66A-6A6B77BE369E} = {0B9389ED-01C3-4281-80EB-723DA5540816}
		{F8620800-9247-4C00-A097-C643E3F58405} = {0A52D3A3-45C9-43D4-B7D6-E5A14D7E6BE1}
		{A5877138-FE15-4B5E-AB2D-D47589927B05} = {0A52D3A3-45C9-43D4-B7D6-E5A14D7E6BE1}
		{FBF74464-E099-4A25-93CB-91B36B7E5AD8} = {E8CB9661-F33C-45B6-8E49-454C0CFD5153}
		{4D853E36-C5FB-4352-BB96-F408E51BAD54} = {E8CB9661-F33C-45B6-8E49-454C0CFD5153}
		{4310C954-B328-4D9E-8707-975BD53A597E} = {858F58A9-1C85-4019-B0B8-8E7DBC806DC6}
		{F9F79015-594D-4413-BE24-312C0C8C0564} = {858F58A9-1C85-4019-B0B8-8E7DBC806DC6}
		{4C3F7EA9-22E2-4A74-9420-16AC69457692} = {BB35386E-7947-4CF1-AFD7-6F7BA4D50986}
		{BD0FF4A1-B92D-4828-81FF-CD08885732EF} = {BB35386E-7947-4CF1-AFD7-6F7BA4D50986}
		{8D68B7FB-4DFA-485E-B66D-10620F3E70F5} = {11F88352-AB51-4D40-9C2F-113EB302E128}
		{26F6E5F7-395E-4125-9009-7A7884339E91} = {11F88352-AB51-4D40-9C2F-113EB302E128}
	EndGlobalSection
	GlobalSection(ExtensibilityGlobals) = postSolution
		SolutionGuid = {8E979037-E5EF-4F1B-9815-4858BBB282C1}
	EndGlobalSection
EndGlobal
